{
  "name": "node-app",
  "version": "1.0.0",
  "lockfileVersion": 1,
  "requires": true,
  "dependencies": {
    "lion-lib-abcdqwert": {
      "version": "1.0.0",
      "resolved": "https://registry.npmjs.org/lion-lib-abcdqwert/-/lion-lib-abcdqwert-1.0.0.tgz",
      "integrity": "sha512-V3LAZyQ84KUQxLTK90lc/8hM28/GCAs/s0L5S7AGc9v6lH2ljuNNqinwXIzUFF7Pi0cpPy2nMiRyI5mcSiKWqA=="
    }
  }
}
